<?xml version="1.0" encoding="utf-8"?>
<Project ToolsVersion="4.0" xmlns="http://schemas.microsoft.com/developer/msbuild/2003">
  <ItemGroup>
    <Filter Include="Source Files">
      <UniqueIdentifier>{4FC737F1-C7A5-4376-A066-2A32D752A2FF}</UniqueIdentifier>
      <Extensions>cpp;c;cc;cxx;def;odl;idl;hpj;bat;asm;asmx</Extensions>
    </Filter>
    <Filter Include="Header Files">
      <UniqueIdentifier>{93995380-89BD-4b04-88EB-625FBE52EBFB}</UniqueIdentifier>
      <Extensions>h;hh;hpp;hxx;hm;inl;inc;xsd</Extensions>
    </Filter>
    <Filter Include="Resource Files">
      <UniqueIdentifier>{67DA6AB6-F800-4c08-8B7A-83BB121AAD01}</UniqueIdentifier>
      <Extensions>rc;ico;cur;bmp;dlg;rc2;rct;bin;rgs;gif;jpg;jpeg;jpe;resx;tiff;tif;png;wav;mfcribbon-ms</Extensions>
    </Filter>
    <Filter Include="Resource Files\shaders">
      <UniqueIdentifier>{0e3f4b34-e75f-4be8-a247-44d8baa18b7e}</UniqueIdentifier>
    </Filter>
  </ItemGroup>
  <ItemGroup>
    <None Include="gles3mark_dll.def">
      <Filter>Source Files</Filter>
    </None>
    <None Include="..\assets\shaders\screenquad-fs.glsl">
      <Filter>Resource Files\shaders</Filter>
    </None>
    <None Include="..\assets\shaders\screenquad-vs.glsl">
      <Filter>Resource Files\shaders</Filter>
    </None>
    <None Include="..\assets\shaders\ssaopass-fs.glsl">
      <Filter>Resource Files\shaders</Filter>
    </None>
    <None Include="..\assets\shaders\ssaopass-vs.glsl">
      <Filter>Resource Files\shaders</Filter>
    </None>
    <None Include="..\assets\shaders\geometrypass-fs.glsl">
      <Filter>Resource Files\shaders</Filter>
    </None>
    <None Include="..\assets\shaders\geometrypass-vs.glsl">
      <Filter>Resource Files\shaders</Filter>
    </None>
    <None Include="..\assets\shaders\lightpass-fs.glsl">
      <Filter>Resource Files\shaders</Filter>
    </None>
    <None Include="..\assets\shaders\lightpass-vs.glsl">
      <Filter>Resource Files\shaders</Filter>
    </None>
  </ItemGroup>
  <ItemGroup>
    <ClInclude Include="..\gles3mark\camera.h">
      <Filter>Header Files</Filter>
    </ClInclude>
    <ClInclude Include="..\gles3mark\fpscounter.h">
      <Filter>Header Files</Filter>
    </ClInclude>
    <ClInclude Include="..\gles3mark\gl3stub_egl.h">
      <Filter>Header Files</Filter>
    </ClInclude>
    <ClInclude Include="..\gles3mark\gles3mark.h">
      <Filter>Header Files</Filter>
    </ClInclude>
    <ClInclude Include="..\gles3mark\input.h">
      <Filter>Header Files</Filter>
    </ClInclude>
    <ClInclude Include="..\gles3mark\log.h">
      <Filter>Header Files</Filter>
    </ClInclude>
    <ClInclude Include="..\gles3mark\mesh.h">
      <Filter>Header Files</Filter>
    </ClInclude>
    <ClInclude Include="..\gles3mark\time.h">
      <Filter>Header Files</Filter>
    </ClInclude>
    <ClInclude Include="..\gles3mark\model.h">
      <Filter>Header Files</Filter>
    </ClInclude>
    <ClInclude Include="..\gles3mark\material.h">
      <Filter>Header Files</Filter>
    </ClInclude>
    <ClInclude Include="..\gles3mark\light.h">
      <Filter>Header Files</Filter>
    </ClInclude>
    <ClInclude Include="..\gles3mark\shaderprogram.h">
      <Filter>Header Files</Filter>
    </ClInclude>
    <ClInclude Include="..\gles3mark\meshrenderer.h">
      <Filter>Header Files</Filter>
    </ClInclude>
    <ClInclude Include="..\gles3mark\texture.h">
      <Filter>Header Files</Filter>
    </ClInclude>
    <ClInclude Include="..\gles3mark\materialdatabase.h">
      <Filter>Header Files</Filter>
    </ClInclude>
    <ClInclude Include="..\gles3mark\sceneimporter.h">
      <Filter>Header Files</Filter>
    </ClInclude>
    <ClInclude Include="..\gles3mark\glquery.h">
      <Filter>Header Files</Filter>
    </ClInclude>
    <ClInclude Include="..\gles3mark\rendercontext.h">
      <Filter>Header Files</Filter>
    </ClInclude>
    <ClInclude Include="..\gles3mark\rendercontext_egl.h">
      <Filter>Header Files</Filter>
    </ClInclude>
    <ClInclude Include="..\gles3mark\rendercontext_wgl.h">
      <Filter>Header Files</Filter>
    </ClInclude>
    <ClInclude Include="..\gles3mark\framebuffer.h">
      <Filter>Header Files</Filter>
    </ClInclude>
    <ClInclude Include="..\gles3mark\glinclude.h">
      <Filter>Header Files</Filter>
    </ClInclude>
    <ClInclude Include="..\gles3mark\glerror.h">
      <Filter>Header Files</Filter>
    </ClInclude>
    <ClInclude Include="..\gles3mark\scene.h">
      <Filter>Header Files</Filter>
    </ClInclude>
    <ClInclude Include="..\gles3mark\renderbuffer.h">
      <Filter>Header Files</Filter>
    </ClInclude>
    <ClInclude Include="..\gles3mark\rendertarget.h">
      <Filter>Header Files</Filter>
    </ClInclude>
    <ClInclude Include="..\gles3mark\quadrenderer.h">
      <Filter>Header Files</Filter>
    </ClInclude>
    <ClInclude Include="..\gles3mark\keyframeanimation.h">
      <Filter>Header Files</Filter>
    </ClInclude>
    <ClInclude Include="..\gles3mark\benchmarkstatistics.h">
      <Filter>Header Files</Filter>
    </ClInclude>
    <ClInclude Include="..\gles3mark\logconsole.h">
      <Filter>Header Files</Filter>
    </ClInclude>
    <ClInclude Include="..\gles3mark\statsbuilder_json.h">
      <Filter>Header Files</Filter>
    </ClInclude>
    <ClInclude Include="..\gles3mark\assetfile.h">
      <Filter>Header Files</Filter>
    </ClInclude>
    <ClInclude Include="..\gles3mark\assetmanager.h">
      <Filter>Header Files</Filter>
    </ClInclude>
    <ClInclude Include="..\gles3mark\loadingscreen.h">
      <Filter>Header Files</Filter>
    </ClInclude>
    <ClInclude Include="..\gles3mark\modelrenderer.h">
      <Filter>Header Files</Filter>
    </ClInclude>
    <ClInclude Include="..\gles3mark\instancedatabuilder.h">
      <Filter>Header Files</Filter>
    </ClInclude>
    <ClInclude Include="..\gles3mark\igles3marklib.h">
      <Filter>Header Files</Filter>
    </ClInclude>
    <ClInclude Include="..\gles3mark\iinputlistener.h">
      <Filter>Header Files</Filter>
    </ClInclude>
  </ItemGroup>
  <ItemGroup>
    <ClCompile Include="..\gles3mark\assetfile.cpp">
      <Filter>Source Files</Filter>
    </ClCompile>
    <ClCompile Include="..\gles3mark\assetmanager.cpp">
      <Filter>Source Files</Filter>
    </ClCompile>
    <ClCompile Include="..\gles3mark\camera.cpp">
      <Filter>Source Files</Filter>
    </ClCompile>
    <ClCompile Include="..\gles3mark\gles3mark.cpp">
      <Filter>Source Files</Filter>
    </ClCompile>
    <ClCompile Include="..\gles3mark\log.cpp">
      <Filter>Source Files</Filter>
    </ClCompile>
    <ClCompile Include="..\win32\gles3mark_dll.cpp">
      <Filter>Source Files</Filter>
    </ClCompile>
    <ClCompile Include="..\gles3mark\mesh.cpp">
      <Filter>Source Files</Filter>
    </ClCompile>
    <ClCompile Include="..\gles3mark\gl3stub_egl.c">
      <Filter>Source Files</Filter>
    </ClCompile>
    <ClCompile Include="..\gles3mark\shaderprogram.cpp">
      <Filter>Source Files</Filter>
    </ClCompile>
    <ClCompile Include="..\gles3mark\meshrenderer.cpp">
      <Filter>Source Files</Filter>
    </ClCompile>
    <ClCompile Include="..\gles3mark\rendercontext_egl.cpp">
      <Filter>Source Files</Filter>
    </ClCompile>
    <ClCompile Include="..\gles3mark\rendercontext_wgl.cpp">
      <Filter>Source Files</Filter>
    </ClCompile>
    <ClCompile Include="..\gles3mark\sceneimporter.cpp">
      <Filter>Source Files</Filter>
    </ClCompile>
    <ClCompile Include="..\gles3mark\logconsole.cpp">
      <Filter>Source Files</Filter>
    </ClCompile>
    <ClCompile Include="..\gles3mark\texture.cpp">
      <Filter>Source Files</Filter>
    </ClCompile>
    <ClCompile Include="..\gles3mark\framebuffer.cpp">
      <Filter>Source Files</Filter>
    </ClCompile>
    <ClCompile Include="..\gles3mark\quadrenderer.cpp">
      <Filter>Source Files</Filter>
    </ClCompile>
    <ClCompile Include="..\gles3mark\scene.cpp">
      <Filter>Source Files</Filter>
    </ClCompile>
    <ClCompile Include="..\gles3mark\keyframeanimation.cpp">
      <Filter>Source Files</Filter>
    </ClCompile>
    <ClCompile Include="..\gles3mark\modelrenderer.cpp">
      <Filter>Source Files</Filter>
    </ClCompile>
    <ClCompile Include="..\gles3mark\loadingscreen.cpp">
      <Filter>Source Files</Filter>
    </ClCompile>
    <ClCompile Include="..\gles3mark\instancedatabuilder.cpp">
      <Filter>Source Files</Filter>
    </ClCompile>
    <ClCompile Include="..\gles3mark\glerror.cpp">
      <Filter>Source Files</Filter>
    </ClCompile>
    <ClCompile Include="..\gles3mark\input.cpp">
      <Filter>Source Files</Filter>
    </ClCompile>
    <ClCompile Include="..\gles3mark\model.cpp">
      <Filter>Source Files</Filter>
    </ClCompile>
    <ClCompile Include="..\gles3mark\material.cpp">
      <Filter>Source Files</Filter>
    </ClCompile>
    <ClCompile Include="..\gles3mark\materialdatabase.cpp">
      <Filter>Source Files</Filter>
    </ClCompile>
    <ClCompile Include="..\gles3mark\light.cpp">
      <Filter>Source Files</Filter>
    </ClCompile>
    <ClCompile Include="..\gles3mark\renderbuffer.cpp">
      <Filter>Source Files</Filter>
    </ClCompile>
    <ClCompile Include="..\gles3mark\glquery.cpp">
      <Filter>Source Files</Filter>
    </ClCompile>
    <ClCompile Include="..\gles3mark\fpscounter.cpp">
      <Filter>Source Files</Filter>
    </ClCompile>
    <ClCompile Include="..\gles3mark\time.cpp">
      <Filter>Source Files</Filter>
    </ClCompile>
    <ClCompile Include="..\gles3mark\benchmarkstatistics.cpp">
      <Filter>Source Files</Filter>
    </ClCompile>
    <ClCompile Include="..\gles3mark\statsbuilder_json.cpp">
      <Filter>Source Files</Filter>
    </ClCompile>
  </ItemGroup>
</Project>